
Microsoft Visual Studio Solution File, Format Version 12.00
# Visual Studio Version 17
VisualStudioVersion = 17.0.32126.317
MinimumVisualStudioVersion = 10.0.40219.1
Project("{FAE04EC0-301F-11D3-BF4B-00C04F79EFBC}") = "ProgII_VideoClub", "ProgII_VideoClub\ProgII_VideoClub.csproj", "{BC01D765-09B7-425E-A27A-956BEF5A6196}"
EndProject
Global
	GlobalSection(SolutionConfigurationPlatforms) = preSolution
		Debug|Any CPU = Debug|Any CPU
		Release|Any CPU = Release|Any CPU
	EndGlobalSection
	GlobalSection(ProjectConfigurationPlatforms) = postSolution
		{BC01D765-09B7-425E-A27A-956BEF5A6196}.Debug|Any CPU.ActiveCfg = Debug|Any CPU
		{BC01D765-09B7-425E-A27A-956BEF5A6196}.Debug|Any CPU.Build.0 = Debug|Any CPU
		{BC01D765-09B7-425E-A27A-956BEF5A6196}.Release|Any CPU.ActiveCfg = Release|Any CPU
		{BC01D765-09B7-425E-A27A-956BEF5A6196}.Release|Any CPU.Build.0 = Release|Any CPU
	EndGlobalSection
	GlobalSection(SolutionProperties) = preSolution
		HideSolutionNode = FALSE
	EndGlobalSection
	GlobalSection(ExtensibilityGlobals) = postSolution
		SolutionGuid = {22C89763-1DD5-4D78-A5BC-F92A35DFCD68}
	EndGlobalSection
EndGlobal
